
Microsoft Visual Studio Solution File, Format Version 12.00
# Visual Studio Version 16
VisualStudioVersion = 16.0.29201.188
MinimumVisualStudioVersion = 10.0.40219.1
Project("{FAE04EC0-301F-11D3-BF4B-00C04F79EFBC}") = "MiniPrograms", "MiniPrograms.csproj", "{F1C2EEF0-3F2E-43AE-8039-790064345B58}"
EndProject
Global
	GlobalSection(SolutionConfigurationPlatforms) = preSolution
		Debug|Any CPU = Debug|Any CPU
		Release|Any CPU = Release|Any CPU
	EndGlobalSection
	GlobalSection(ProjectConfigurationPlatforms) = postSolution
		{F1C2EEF0-3F2E-43AE-8039-790064345B58}.Debug|Any CPU.ActiveCfg = Debug|Any CPU
		{F1C2EEF0-3F2E-43AE-8039-790064345B58}.Debug|Any CPU.Build.0 = Debug|Any CPU
		{F1C2EEF0-3F2E-43AE-8039-790064345B58}.Release|Any CPU.ActiveCfg = Release|Any CPU
		{F1C2EEF0-3F2E-43AE-8039-790064345B58}.Release|Any CPU.Build.0 = Release|Any CPU
	EndGlobalSection
	GlobalSection(SolutionProperties) = preSolution
		HideSolutionNode = FALSE
	EndGlobalSection
	GlobalSection(ExtensibilityGlobals) = postSolution
		SolutionGuid = {B01BB530-C721-495A-B7A3-82BDA1A0BD9B}
	EndGlobalSection
EndGlobal
